Microsoft Visual Studio Solution File, Format Version 12.00
# Visual Studio Version 17
VisualStudioVersion = 17.5.2.0
MinimumVisualStudioVersion = 10.0.40219.1
Project("{FAE04EC0-301F-11D3-BF4B-00C04F79EFBC}") = "dogwalker", "dogwalker.csproj", "{91834897-0976-1A06-1EDB-5FF6060AE70A}"
EndProject
Global
	GlobalSection(SolutionConfigurationPlatforms) = preSolution
		Debug|Any CPU = Debug|Any CPU
		Release|Any CPU = Release|Any CPU
	EndGlobalSection
	GlobalSection(ProjectConfigurationPlatforms) = postSolution
		{91834897-0976-1A06-1EDB-5FF6060AE70A}.Debug|Any CPU.ActiveCfg = Debug|Any CPU
		{91834897-0976-1A06-1EDB-5FF6060AE70A}.Debug|Any CPU.Build.0 = Debug|Any CPU
		{91834897-0976-1A06-1EDB-5FF6060AE70A}.Release|Any CPU.ActiveCfg = Release|Any CPU
		{91834897-0976-1A06-1EDB-5FF6060AE70A}.Release|Any CPU.Build.0 = Release|Any CPU
	EndGlobalSection
	GlobalSection(SolutionProperties) = preSolution
		HideSolutionNode = FALSE
	EndGlobalSection
	GlobalSection(ExtensibilityGlobals) = postSolution
		SolutionGuid = {F5CD8175-3ED1-4BDB-AC9B-C3426B59CDEF}
	EndGlobalSection
EndGlobal
